
Microsoft Visual Studio Solution File, Format Version 12.00
# Visual Studio Version 17
VisualStudioVersion = 17.14.36414.22
MinimumVisualStudioVersion = 10.0.40219.1
Project("{FAE04EC0-301F-11D3-BF4B-00C04F79EFBC}") = "ParkhausUI", "ParkhausUI\ParkhausUI.csproj", "{B137E458-6E6E-4817-B43E-DEF7BD4604DC}"
EndProject
Project("{FAE04EC0-301F-11D3-BF4B-00C04F79EFBC}") = "ParkhausAPI", "ParkhausAPI\ParkhausAPI.csproj", "{BF509EAE-6ECE-40EE-9A7B-391A1FE791E2}"
EndProject
Project("{E53339B2-1760-4266-BCC7-CA923CBCF16C}") = "ParkhausContainer", "ParkhausContainer.dcproj", "{154022C1-8014-4E9D-BD78-6FF46670FFA4}"
EndProject
Global
	GlobalSection(SolutionConfigurationPlatforms) = preSolution
		Debug|Any CPU = Debug|Any CPU
		Release|Any CPU = Release|Any CPU
	EndGlobalSection
	GlobalSection(ProjectConfigurationPlatforms) = postSolution
		{B137E458-6E6E-4817-B43E-DEF7BD4604DC}.Debug|Any CPU.ActiveCfg = Debug|Any CPU
		{B137E458-6E6E-4817-B43E-DEF7BD4604DC}.Debug|Any CPU.Build.0 = Debug|Any CPU
		{B137E458-6E6E-4817-B43E-DEF7BD4604DC}.Release|Any CPU.ActiveCfg = Release|Any CPU
		{B137E458-6E6E-4817-B43E-DEF7BD4604DC}.Release|Any CPU.Build.0 = Release|Any CPU
		{BF509EAE-6ECE-40EE-9A7B-391A1FE791E2}.Debug|Any CPU.ActiveCfg = Debug|Any CPU
		{BF509EAE-6ECE-40EE-9A7B-391A1FE791E2}.Debug|Any CPU.Build.0 = Debug|Any CPU
		{BF509EAE-6ECE-40EE-9A7B-391A1FE791E2}.Release|Any CPU.ActiveCfg = Release|Any CPU
		{BF509EAE-6ECE-40EE-9A7B-391A1FE791E2}.Release|Any CPU.Build.0 = Release|Any CPU
		{154022C1-8014-4E9D-BD78-6FF46670FFA4}.Debug|Any CPU.ActiveCfg = Debug|Any CPU
		{154022C1-8014-4E9D-BD78-6FF46670FFA4}.Debug|Any CPU.Build.0 = Debug|Any CPU
		{154022C1-8014-4E9D-BD78-6FF46670FFA4}.Release|Any CPU.ActiveCfg = Release|Any CPU
		{154022C1-8014-4E9D-BD78-6FF46670FFA4}.Release|Any CPU.Build.0 = Release|Any CPU
	EndGlobalSection
	GlobalSection(SolutionProperties) = preSolution
		HideSolutionNode = FALSE
	EndGlobalSection
	GlobalSection(ExtensibilityGlobals) = postSolution
		SolutionGuid = {67529E05-3688-4BEA-B4E5-0EEA54B02C9D}
	EndGlobalSection
EndGlobal
